
Microsoft Visual Studio Solution File, Format Version 12.00
# Visual Studio Version 17
VisualStudioVersion = 17.5.33530.505
MinimumVisualStudioVersion = 10.0.40219.1
Project("{9A19103F-16F7-4668-BE54-9A1E7A4F7556}") = "AweSomeURLShortener.API", "AwesomeURLShortener.API\AweSomeURLShortener.API.csproj", "{570509FE-88A1-4422-890D-3F5FBC32E3DF}"
EndProject
Project("{9A19103F-16F7-4668-BE54-9A1E7A4F7556}") = "AweSomeURLShortener.Application", "AweSomeURLShortener.Application\AweSomeURLShortener.Application.csproj", "{4CCFB5D2-D706-4B54-840C-5FE37DCADF9F}"
EndProject
Project("{9A19103F-16F7-4668-BE54-9A1E7A4F7556}") = "AweSomeURLShortener.Domain", "AweSomeURLShortener.Domain\AweSomeURLShortener.Domain.csproj", "{763EC244-9515-4CE6-A1CA-3AC9217E7FCD}"
EndProject
Project("{9A19103F-16F7-4668-BE54-9A1E7A4F7556}") = "AweSomeURLShortener.Infrastructure", "AweSomeURLShortener.Infrastructure\AweSomeURLShortener.Infrastructure.csproj", "{2BC31C68-E00D-452A-A897-7C8A45C4142F}"
EndProject
Project("{2150E333-8FDC-42A3-9474-1A3956D46DE8}") = "docker", "docker", "{EBA3362E-6FDD-4572-97A4-DD5B10B674D0}"
	ProjectSection(SolutionItems) = preProject
		docker-compose.yml = docker-compose.yml
		Dockerfile = Dockerfile
	EndProjectSection
EndProject
Global
	GlobalSection(SolutionConfigurationPlatforms) = preSolution
		Debug|Any CPU = Debug|Any CPU
		Release|Any CPU = Release|Any CPU
	EndGlobalSection
	GlobalSection(ProjectConfigurationPlatforms) = postSolution
		{570509FE-88A1-4422-890D-3F5FBC32E3DF}.Debug|Any CPU.ActiveCfg = Debug|Any CPU
		{570509FE-88A1-4422-890D-3F5FBC32E3DF}.Debug|Any CPU.Build.0 = Debug|Any CPU
		{570509FE-88A1-4422-890D-3F5FBC32E3DF}.Release|Any CPU.ActiveCfg = Release|Any CPU
		{570509FE-88A1-4422-890D-3F5FBC32E3DF}.Release|Any CPU.Build.0 = Release|Any CPU
		{4CCFB5D2-D706-4B54-840C-5FE37DCADF9F}.Debug|Any CPU.ActiveCfg = Debug|Any CPU
		{4CCFB5D2-D706-4B54-840C-5FE37DCADF9F}.Debug|Any CPU.Build.0 = Debug|Any CPU
		{4CCFB5D2-D706-4B54-840C-5FE37DCADF9F}.Release|Any CPU.ActiveCfg = Release|Any CPU
		{4CCFB5D2-D706-4B54-840C-5FE37DCADF9F}.Release|Any CPU.Build.0 = Release|Any CPU
		{763EC244-9515-4CE6-A1CA-3AC9217E7FCD}.Debug|Any CPU.ActiveCfg = Debug|Any CPU
		{763EC244-9515-4CE6-A1CA-3AC9217E7FCD}.Debug|Any CPU.Build.0 = Debug|Any CPU
		{763EC244-9515-4CE6-A1CA-3AC9217E7FCD}.Release|Any CPU.ActiveCfg = Release|Any CPU
		{763EC244-9515-4CE6-A1CA-3AC9217E7FCD}.Release|Any CPU.Build.0 = Release|Any CPU
		{2BC31C68-E00D-452A-A897-7C8A45C4142F}.Debug|Any CPU.ActiveCfg = Debug|Any CPU
		{2BC31C68-E00D-452A-A897-7C8A45C4142F}.Debug|Any CPU.Build.0 = Debug|Any CPU
		{2BC31C68-E00D-452A-A897-7C8A45C4142F}.Release|Any CPU.ActiveCfg = Release|Any CPU
		{2BC31C68-E00D-452A-A897-7C8A45C4142F}.Release|Any CPU.Build.0 = Release|Any CPU
	EndGlobalSection
	GlobalSection(SolutionProperties) = preSolution
		HideSolutionNode = FALSE
	EndGlobalSection
	GlobalSection(ExtensibilityGlobals) = postSolution
		SolutionGuid = {F3AA9D90-35A8-4537-A5B2-1A4A578A1B6F}
	EndGlobalSection
EndGlobal
